
Microsoft Visual Studio Solution File, Format Version 12.00
# Visual Studio Version 17
VisualStudioVersion = 17.10.35122.118
MinimumVisualStudioVersion = 10.0.40219.1
Project("{FAE04EC0-301F-11D3-BF4B-00C04F79EFBC}") = "NZWalksV2", "NZWalksV2\NZWalksV2.csproj", "{9ED956D7-CE6A-45FF-B860-02BDE84D20F2}"
EndProject
Global
	GlobalSection(SolutionConfigurationPlatforms) = preSolution
		Debug|Any CPU = Debug|Any CPU
		Release|Any CPU = Release|Any CPU
	EndGlobalSection
	GlobalSection(ProjectConfigurationPlatforms) = postSolution
		{9ED956D7-CE6A-45FF-B860-02BDE84D20F2}.Debug|Any CPU.ActiveCfg = Debug|Any CPU
		{9ED956D7-CE6A-45FF-B860-02BDE84D20F2}.Debug|Any CPU.Build.0 = Debug|Any CPU
		{9ED956D7-CE6A-45FF-B860-02BDE84D20F2}.Release|Any CPU.ActiveCfg = Release|Any CPU
		{9ED956D7-CE6A-45FF-B860-02BDE84D20F2}.Release|Any CPU.Build.0 = Release|Any CPU
	EndGlobalSection
	GlobalSection(SolutionProperties) = preSolution
		HideSolutionNode = FALSE
	EndGlobalSection
	GlobalSection(ExtensibilityGlobals) = postSolution
		SolutionGuid = {0A5A5D39-21A1-4C06-8EA8-EEF261098B78}
	EndGlobalSection
EndGlobal
